
Microsoft Visual Studio Solution File, Format Version 15.00
# Visual Studio 2017
Project("{FAE04EC0-301F-11D3-BF4B-00C04F79EFBC}") = "transmaxSolution", "transmaxSolution.csproj", "{2383A8FC-B884-4109-9F3A-664BECBCD45A}"
EndProject
Global
	GlobalSection(SolutionConfigurationPlatforms) = preSolution
		Debug|Any CPU = Debug|Any CPU
		Release|Any CPU = Release|Any CPU
	EndGlobalSection
	GlobalSection(ProjectConfigurationPlatforms) = postSolution
		{2383A8FC-B884-4109-9F3A-664BECBCD45A}.Debug|Any CPU.ActiveCfg = Debug|Any CPU
		{2383A8FC-B884-4109-9F3A-664BECBCD45A}.Debug|Any CPU.Build.0 = Debug|Any CPU
		{2383A8FC-B884-4109-9F3A-664BECBCD45A}.Release|Any CPU.ActiveCfg = Release|Any CPU
		{2383A8FC-B884-4109-9F3A-664BECBCD45A}.Release|Any CPU.Build.0 = Release|Any CPU
	EndGlobalSection
EndGlobal
